
Microsoft Visual Studio Solution File, Format Version 12.00
Project("{FAE04EC0-301F-11D3-BF4B-00C04F79EFBC}") = "Namespaces", "Namespaces\Namespaces.csproj", "{8C1803BB-5A6D-4624-AF41-C34CEF44C398}"
EndProject
Global
	GlobalSection(SolutionConfigurationPlatforms) = preSolution
		Debug|Any CPU = Debug|Any CPU
		Release|Any CPU = Release|Any CPU
	EndGlobalSection
	GlobalSection(ProjectConfigurationPlatforms) = postSolution
		{8C1803BB-5A6D-4624-AF41-C34CEF44C398}.Debug|Any CPU.ActiveCfg = Debug|Any CPU
		{8C1803BB-5A6D-4624-AF41-C34CEF44C398}.Debug|Any CPU.Build.0 = Debug|Any CPU
		{8C1803BB-5A6D-4624-AF41-C34CEF44C398}.Release|Any CPU.ActiveCfg = Release|Any CPU
		{8C1803BB-5A6D-4624-AF41-C34CEF44C398}.Release|Any CPU.Build.0 = Release|Any CPU
	EndGlobalSection
EndGlobal
